
Microsoft Visual Studio Solution File, Format Version 12.00
Project("{FAE04EC0-301F-11D3-BF4B-00C04F79EFBC}") = "DungeonExplorer", "DungeonExplorer\DungeonExplorer.csproj", "{11D81FD1-7CDF-4ABA-9723-9E4CE15FF741}"
EndProject
Global
	GlobalSection(SolutionConfigurationPlatforms) = preSolution
		Debug|Any CPU = Debug|Any CPU
		Release|Any CPU = Release|Any CPU
	EndGlobalSection
	GlobalSection(ProjectConfigurationPlatforms) = postSolution
		{11D81FD1-7CDF-4ABA-9723-9E4CE15FF741}.Debug|Any CPU.ActiveCfg = Debug|Any CPU
		{11D81FD1-7CDF-4ABA-9723-9E4CE15FF741}.Debug|Any CPU.Build.0 = Debug|Any CPU
		{11D81FD1-7CDF-4ABA-9723-9E4CE15FF741}.Release|Any CPU.ActiveCfg = Release|Any CPU
		{11D81FD1-7CDF-4ABA-9723-9E4CE15FF741}.Release|Any CPU.Build.0 = Release|Any CPU
	EndGlobalSection
EndGlobal
